
Microsoft Visual Studio Solution File, Format Version 12.00
# Visual Studio 15
VisualStudioVersion = 15.0.26124.0
MinimumVisualStudioVersion = 15.0.26124.0
Project("{FAE04EC0-301F-11D3-BF4B-00C04F79EFBC}") = "QuickBuy.Dominio", "QuickBuy.Dominio\QuickBuy.Dominio.csproj", "{3B8E70B7-3070-49B0-B10F-7961676903C5}"
EndProject
Project("{FAE04EC0-301F-11D3-BF4B-00C04F79EFBC}") = "QuickBuy.Repositorio", "QuickBuy.Repositorio\QuickBuy.Repositorio.csproj", "{1D6C55EE-CD5B-4EBB-B3FE-B4C6BF813286}"
EndProject
Project("{FAE04EC0-301F-11D3-BF4B-00C04F79EFBC}") = "QuickBuy.Web", "QuickBuy.Web\QuickBuy.Web.csproj", "{EA6AE70E-D2B0-4529-96DA-A639364990D7}"
EndProject
Global
	GlobalSection(SolutionConfigurationPlatforms) = preSolution
		Debug|Any CPU = Debug|Any CPU
		Debug|x64 = Debug|x64
		Debug|x86 = Debug|x86
		Release|Any CPU = Release|Any CPU
		Release|x64 = Release|x64
		Release|x86 = Release|x86
	EndGlobalSection
	GlobalSection(SolutionProperties) = preSolution
		HideSolutionNode = FALSE
	EndGlobalSection
	GlobalSection(ProjectConfigurationPlatforms) = postSolution
		{3B8E70B7-3070-49B0-B10F-7961676903C5}.Debug|Any CPU.ActiveCfg = Debug|Any CPU
		{3B8E70B7-3070-49B0-B10F-7961676903C5}.Debug|Any CPU.Build.0 = Debug|Any CPU
		{3B8E70B7-3070-49B0-B10F-7961676903C5}.Debug|x64.ActiveCfg = Debug|Any CPU
		{3B8E70B7-3070-49B0-B10F-7961676903C5}.Debug|x64.Build.0 = Debug|Any CPU
		{3B8E70B7-3070-49B0-B10F-7961676903C5}.Debug|x86.ActiveCfg = Debug|Any CPU
		{3B8E70B7-3070-49B0-B10F-7961676903C5}.Debug|x86.Build.0 = Debug|Any CPU
		{3B8E70B7-3070-49B0-B10F-7961676903C5}.Release|Any CPU.ActiveCfg = Release|Any CPU
		{3B8E70B7-3070-49B0-B10F-7961676903C5}.Release|Any CPU.Build.0 = Release|Any CPU
		{3B8E70B7-3070-49B0-B10F-7961676903C5}.Release|x64.ActiveCfg = Release|Any CPU
		{3B8E70B7-3070-49B0-B10F-7961676903C5}.Release|x64.Build.0 = Release|Any CPU
		{3B8E70B7-3070-49B0-B10F-7961676903C5}.Release|x86.ActiveCfg = Release|Any CPU
		{3B8E70B7-3070-49B0-B10F-7961676903C5}.Release|x86.Build.0 = Release|Any CPU
		{1D6C55EE-CD5B-4EBB-B3FE-B4C6BF813286}.Debug|Any CPU.ActiveCfg = Debug|Any CPU
		{1D6C55EE-CD5B-4EBB-B3FE-B4C6BF813286}.Debug|Any CPU.Build.0 = Debug|Any CPU
		{1D6C55EE-CD5B-4EBB-B3FE-B4C6BF813286}.Debug|x64.ActiveCfg = Debug|Any CPU
		{1D6C55EE-CD5B-4EBB-B3FE-B4C6BF813286}.Debug|x64.Build.0 = Debug|Any CPU
		{1D6C55EE-CD5B-4EBB-B3FE-B4C6BF813286}.Debug|x86.ActiveCfg = Debug|Any CPU
		{1D6C55EE-CD5B-4EBB-B3FE-B4C6BF813286}.Debug|x86.Build.0 = Debug|Any CPU
		{1D6C55EE-CD5B-4EBB-B3FE-B4C6BF813286}.Release|Any CPU.ActiveCfg = Release|Any CPU
		{1D6C55EE-CD5B-4EBB-B3FE-B4C6BF813286}.Release|Any CPU.Build.0 = Release|Any CPU
		{1D6C55EE-CD5B-4EBB-B3FE-B4C6BF813286}.Release|x64.ActiveCfg = Release|Any CPU
		{1D6C55EE-CD5B-4EBB-B3FE-B4C6BF813286}.Release|x64.Build.0 = Release|Any CPU
		{1D6C55EE-CD5B-4EBB-B3FE-B4C6BF813286}.Release|x86.ActiveCfg = Release|Any CPU
		{1D6C55EE-CD5B-4EBB-B3FE-B4C6BF813286}.Release|x86.Build.0 = Release|Any CPU
		{EA6AE70E-D2B0-4529-96DA-A639364990D7}.Debug|Any CPU.ActiveCfg = Debug|Any CPU
		{EA6AE70E-D2B0-4529-96DA-A639364990D7}.Debug|Any CPU.Build.0 = Debug|Any CPU
		{EA6AE70E-D2B0-4529-96DA-A639364990D7}.Debug|x64.ActiveCfg = Debug|Any CPU
		{EA6AE70E-D2B0-4529-96DA-A639364990D7}.Debug|x64.Build.0 = Debug|Any CPU
		{EA6AE70E-D2B0-4529-96DA-A639364990D7}.Debug|x86.ActiveCfg = Debug|Any CPU
		{EA6AE70E-D2B0-4529-96DA-A639364990D7}.Debug|x86.Build.0 = Debug|Any CPU
		{EA6AE70E-D2B0-4529-96DA-A639364990D7}.Release|Any CPU.ActiveCfg = Release|Any CPU
		{EA6AE70E-D2B0-4529-96DA-A639364990D7}.Release|Any CPU.Build.0 = Release|Any CPU
		{EA6AE70E-D2B0-4529-96DA-A639364990D7}.Release|x64.ActiveCfg = Release|Any CPU
		{EA6AE70E-D2B0-4529-96DA-A639364990D7}.Release|x64.Build.0 = Release|Any CPU
		{EA6AE70E-D2B0-4529-96DA-A639364990D7}.Release|x86.ActiveCfg = Release|Any CPU
		{EA6AE70E-D2B0-4529-96DA-A639364990D7}.Release|x86.Build.0 = Release|Any CPU
	EndGlobalSection
EndGlobal
